// !$*UTF8*$!
{
	archiveVersion = 1;
	classes = {
	};
	objectVersion = 46;
	objects = {

/* Begin PBXBuildFile section */
		B06007451A2C40EF00725730 /* main.cpp in Sources */ = {isa = PBXBuildFile; fileRef = B06007441A2C40EF00725730 /* main.cpp */; };
		B060074F1A2C482C00725730 /* Joseki.cpp in Sources */ = {isa = PBXBuildFile; fileRef = B060074B1A2C482C00725730 /* Joseki.cpp */; };
		B06007501A2C482C00725730 /* KomaMoves.cpp in Sources */ = {isa = PBXBuildFile; fileRef = B060074C1A2C482C00725730 /* KomaMoves.cpp */; };
		B06007511A2C482C00725730 /* kyokumen.cpp in Sources */ = {isa = PBXBuildFile; fileRef = B060074D1A2C482C00725730 /* kyokumen.cpp */; };
		B06007541A2C483A00725730 /* Te.cpp in Sources */ = {isa = PBXBuildFile; fileRef = B06007531A2C483A00725730 /* Te.cpp */; };
/* End PBXBuildFile section */

/* Begin PBXCopyFilesBuildPhase section */
		B060073F1A2C40EF00725730 /* CopyFiles */ = {
			isa = PBXCopyFilesBuildPhase;
			buildActionMask = 2147483647;
			dstPath = /usr/share/man/man1/;
			dstSubfolderSpec = 0;
			files = (
			);
			runOnlyForDeploymentPostprocessing = 1;
		};
/* End PBXCopyFilesBuildPhase section */

/* Begin PBXFileReference section */
		B06007411A2C40EF00725730 /* Lesserpyon3 */ = {isa = PBXFileReference; explicitFileType = "compiled.mach-o.executable"; includeInIndex = 0; path = Lesserpyon3; sourceTree = BUILT_PRODUCTS_DIR; };
		B06007441A2C40EF00725730 /* main.cpp */ = {isa = PBXFileReference; lastKnownFileType = sourcecode.cpp.cpp; path = main.cpp; sourceTree = "<group>"; };
		B060074B1A2C482C00725730 /* Joseki.cpp */ = {isa = PBXFileReference; fileEncoding = 4; lastKnownFileType = sourcecode.cpp.cpp; path = Joseki.cpp; sourceTree = "<group>"; };
		B060074C1A2C482C00725730 /* KomaMoves.cpp */ = {isa = PBXFileReference; fileEncoding = 4; lastKnownFileType = sourcecode.cpp.cpp; path = KomaMoves.cpp; sourceTree = "<group>"; };
		B060074D1A2C482C00725730 /* kyokumen.cpp */ = {isa = PBXFileReference; fileEncoding = 4; lastKnownFileType = sourcecode.cpp.cpp; path = kyokumen.cpp; sourceTree = "<group>"; };
		B060074E1A2C482C00725730 /* kyokumen.h */ = {isa = PBXFileReference; fileEncoding = 4; lastKnownFileType = sourcecode.c.h; path = kyokumen.h; sourceTree = "<group>"; };
		B06007521A2C483400725730 /* main.h */ = {isa = PBXFileReference; lastKnownFileType = sourcecode.c.h; path = main.h; sourceTree = "<group>"; };
		B06007531A2C483A00725730 /* Te.cpp */ = {isa = PBXFileReference; fileEncoding = 4; lastKnownFileType = sourcecode.cpp.cpp; path = Te.cpp; sourceTree = "<group>"; };
/* End PBXFileReference section */

/* Begin PBXFrameworksBuildPhase section */
		B060073E1A2C40EF00725730 /* Frameworks */ = {
			isa = PBXFrameworksBuildPhase;
			buildActionMask = 2147483647;
			files = (
			);
			runOnlyForDeploymentPostprocessing = 0;
		};
/* End PBXFrameworksBuildPhase section */

/* Begin PBXGroup section */
		B06007381A2C40EF00725730 = {
			isa = PBXGroup;
			children = (
				B06007431A2C40EF00725730 /* Lesserpyon3 */,
				B06007421A2C40EF00725730 /* Products */,
			);
			sourceTree = "<group>";
		};
		B06007421A2C40EF00725730 /* Products */ = {
			isa = PBXGroup;
			children = (
				B06007411A2C40EF00725730 /* Lesserpyon3 */,
			);
			name = Products;
			sourceTree = "<group>";
		};
		B06007431A2C40EF00725730 /* Lesserpyon3 */ = {
			isa = PBXGroup;
			children = (
				B06007531A2C483A00725730 /* Te.cpp */,
				B060074B1A2C482C00725730 /* Joseki.cpp */,
				B060074C1A2C482C00725730 /* KomaMoves.cpp */,
				B060074D1A2C482C00725730 /* kyokumen.cpp */,
				B060074E1A2C482C00725730 /* kyokumen.h */,
				B06007521A2C483400725730 /* main.h */,
				B06007441A2C40EF00725730 /* main.cpp */,
			);
			path = Lesserpyon3;
			sourceTree = "<group>";
		};
/* End PBXGroup section */

/* Begin PBXNativeTarget section */
		B06007401A2C40EF00725730 /* Lesserpyon3 */ = {
			isa = PBXNativeTarget;
			buildConfigurationList = B06007481A2C40EF00725730 /* Build configuration list for PBXNativeTarget "Lesserpyon3" */;
			buildPhases = (
				B060073D1A2C40EF00725730 /* Sources */,
				B060073E1A2C40EF00725730 /* Frameworks */,
				B060073F1A2C40EF00725730 /* CopyFiles */,
			);
			buildRules = (
			);
			dependencies = (
			);
			name = Lesserpyon3;
			productName = Lesserpyon3;
			productReference = B06007411A2C40EF00725730 /* Lesserpyon3 */;
			productType = "com.apple.product-type.tool";
		};
/* End PBXNativeTarget section */

/* Begin PBXProject section */
		B06007391A2C40EF00725730 /* Project object */ = {
			isa = PBXProject;
			attributes = {
				LastUpgradeCheck = 0610;
				ORGANIZATIONNAME = "Takuya Ito";
				TargetAttributes = {
					B06007401A2C40EF00725730 = {
						CreatedOnToolsVersion = 6.1;
					};
				};
			};
			buildConfigurationList = B060073C1A2C40EF00725730 /* Build configuration list for PBXProject "Lesserpyon3" */;
			compatibilityVersion = "Xcode 3.2";
			developmentRegion = English;
			hasScannedForEncodings = 0;
			knownRegions = (
				en,
			);
			mainGroup = B06007381A2C40EF00725730;
			productRefGroup = B06007421A2C40EF00725730 /* Products */;
			projectDirPath = "";
			projectRoot = "";
			targets = (
				B06007401A2C40EF00725730 /* Lesserpyon3 */,
			);
		};
/* End PBXProject section */

/* Begin PBXSourcesBuildPhase section */
		B060073D1A2C40EF00725730 /* Sources */ = {
			isa = PBXSourcesBuildPhase;
			buildActionMask = 2147483647;
			files = (
				B06007541A2C483A00725730 /* Te.cpp in Sources */,
				B06007511A2C482C00725730 /* kyokumen.cpp in Sources */,
				B060074F1A2C482C00725730 /* Joseki.cpp in Sources */,
				B06007451A2C40EF00725730 /* main.cpp in Sources */,
				B06007501A2C482C00725730 /* KomaMoves.cpp in Sources */,
			);
			runOnlyForDeploymentPostprocessing = 0;
		};
/* End PBXSourcesBuildPhase section */

/* Begin XCBuildConfiguration section */
		B06007461A2C40EF00725730 /* Debug */ = {
			isa = XCBuildConfiguration;
			buildSettings = {
				ALWAYS_SEARCH_USER_PATHS = NO;
				CLANG_CXX_LANGUAGE_STANDARD = "gnu++0x";
				CLANG_CXX_LIBRARY = "libc++";
				CLANG_ENABLE_MODULES = YES;
				CLANG_ENABLE_OBJC_ARC = YES;
				CLANG_WARN_BOOL_CONVERSION = YES;
				CLANG_WARN_CONSTANT_CONVERSION = YES;
				CLANG_WARN_DIRECT_OBJC_ISA_USAGE = YES_ERROR;
				CLANG_WARN_EMPTY_BODY = YES;
				CLANG_WARN_ENUM_CONVERSION = YES;
				CLANG_WARN_INT_CONVERSION = YES;
				CLANG_WARN_OBJC_ROOT_CLASS = YES_ERROR;
				CLANG_WARN_UNREACHABLE_CODE = YES;
				CLANG_WARN__DUPLICATE_METHOD_MATCH = YES;
				COPY_PHASE_STRIP = NO;
				ENABLE_STRICT_OBJC_MSGSEND = YES;
				GCC_C_LANGUAGE_STANDARD = gnu99;
				GCC_DYNAMIC_NO_PIC = NO;
				GCC_OPTIMIZATION_LEVEL = 0;
				GCC_PREPROCESSOR_DEFINITIONS = (
					"DEBUG=1",
					"$(inherited)",
				);
				GCC_SYMBOLS_PRIVATE_EXTERN = NO;
				GCC_WARN_64_TO_32_BIT_CONVERSION = YES;
				GCC_WARN_ABOUT_RETURN_TYPE = YES_ERROR;
				GCC_WARN_UNDECLARED_SELECTOR = YES;
				GCC_WARN_UNINITIALIZED_AUTOS = YES_AGGRESSIVE;
				GCC_WARN_UNUSED_FUNCTION = YES;
				GCC_WARN_UNUSED_VARIABLE = YES;
				MACOSX_DEPLOYMENT_TARGET = 10.10;
				MTL_ENABLE_DEBUG_INFO = YES;
				ONLY_ACTIVE_ARCH = YES;
				SDKROOT = macosx;
			};
			name = Debug;
		};
		B06007471A2C40EF00725730 /* Release */ = {
			isa = XCBuildConfiguration;
			buildSettings = {
				ALWAYS_SEARCH_USER_PATHS = NO;
				CLANG_CXX_LANGUAGE_STANDARD = "gnu++0x";
				CLANG_CXX_LIBRARY = "libc++";
				CLANG_ENABLE_MODULES = YES;
				CLANG_ENABLE_OBJC_ARC = YES;
				CLANG_WARN_BOOL_CONVERSION = YES;
				CLANG_WARN_CONSTANT_CONVERSION = YES;
				CLANG_WARN_DIRECT_OBJC_ISA_USAGE = YES_ERROR;
				CLANG_WARN_EMPTY_BODY = YES;
				CLANG_WARN_ENUM_CONVERSION = YES;
				CLANG_WARN_INT_CONVERSION = YES;
				CLANG_WARN_OBJC_ROOT_CLASS = YES_ERROR;
				CLANG_WARN_UNREACHABLE_CODE = YES;
				CLANG_WARN__DUPLICATE_METHOD_MATCH = YES;
				COPY_PHASE_STRIP = YES;
				DEBUG_INFORMATION_FORMAT = "dwarf-with-dsym";
				ENABLE_NS_ASSERTIONS = NO;
				ENABLE_STRICT_OBJC_MSGSEND = YES;
				GCC_C_LANGUAGE_STANDARD = gnu99;
				GCC_WARN_64_TO_32_BIT_CONVERSION = YES;
				GCC_WARN_ABOUT_RETURN_TYPE = YES_ERROR;
				GCC_WARN_UNDECLARED_SELECTOR = YES;
				GCC_WARN_UNINITIALIZED_AUTOS = YES_AGGRESSIVE;
				GCC_WARN_UNUSED_FUNCTION = YES;
				GCC_WARN_UNUSED_VARIABLE = YES;
				MACOSX_DEPLOYMENT_TARGET = 10.10;
				MTL_ENABLE_DEBUG_INFO = NO;
				SDKROOT = macosx;
			};
			name = Release;
		};
		B06007491A2C40EF00725730 /* Debug */ = {
			isa = XCBuildConfiguration;
			buildSettings = {
				PRODUCT_NAME = "$(TARGET_NAME)";
			};
			name = Debug;
		};
		B060074A1A2C40EF00725730 /* Release */ = {
			isa = XCBuildConfiguration;
			buildSettings = {
				PRODUCT_NAME = "$(TARGET_NAME)";
			};
			name = Release;
		};
/* End XCBuildConfiguration section */

/* Begin XCConfigurationList section */
		B060073C1A2C40EF00725730 /* Build configuration list for PBXProject "Lesserpyon3" */ = {
			isa = XCConfigurationList;
			buildConfigurations = (
				B06007461A2C40EF00725730 /* Debug */,
				B06007471A2C40EF00725730 /* Release */,
			);
			defaultConfigurationIsVisible = 0;
			defaultConfigurationName = Release;
		};
		B06007481A2C40EF00725730 /* Build configuration list for PBXNativeTarget "Lesserpyon3" */ = {
			isa = XCConfigurationList;
			buildConfigurations = (
				B06007491A2C40EF00725730 /* Debug */,
				B060074A1A2C40EF00725730 /* Release */,
			);
			defaultConfigurationIsVisible = 0;
			defaultConfigurationName = Release;
		};
/* End XCConfigurationList section */
	};
	rootObject = B06007391A2C40EF00725730 /* Project object */;
}
